{
  "name": "RestreamGetURL",
  "lockfileVersion": 2,
  "requires": true,
  "packages": {
    "": {
      "devDependencies": {
        "@cloudflare/workers-types": "^4.20240423.0",
        "typescript": "^5.4.5"
      }
    },
    "node_modules/@cloudflare/workers-types": {
      "version": "4.20240423.0",
      "resolved": "https://registry.npmjs.org/@cloudflare/workers-types/-/workers-types-4.20240423.0.tgz",
      "integrity": "sha512-ssuccb3j+URp6mP2p0PcQE9vmS3YeKBQnALHF9P3yQfUAFozuhTsDTbqmL+zPrJvUcG7SL2xVQkNDF9QJeKDZw==",
      "dev": true
    },
    "node_modules/typescript": {
      "version": "5.4.5",
      "resolved": "https://registry.npmjs.org/typescript/-/typescript-5.4.5.tgz",
      "integrity": "sha512-vcI4UpRgg81oIRUFwR0WSIHKt11nJ7SAVlYNIu+QpqeyXP+gpQJy/Z4+F0aGxSE4MqwjyXvW/TzgkLAx2AGHwQ==",
      "dev": true,
      "bin": {
        "tsc": "bin/tsc",
        "tsserver": "bin/tsserver"
      },
      "engines": {
        "node": ">=14.17"
      }
    }
  },
  "dependencies": {
    "@cloudflare/workers-types": {
      "version": "4.20240423.0",
      "resolved": "https://registry.npmjs.org/@cloudflare/workers-types/-/workers-types-4.20240423.0.tgz",
      "integrity": "sha512-ssuccb3j+URp6mP2p0PcQE9vmS3YeKBQnALHF9P3yQfUAFozuhTsDTbqmL+zPrJvUcG7SL2xVQkNDF9QJeKDZw==",
      "dev": true
    },
    "typescript": {
      "version": "5.4.5",
      "resolved": "https://registry.npmjs.org/typescript/-/typescript-5.4.5.tgz",
      "integrity": "sha512-vcI4UpRgg81oIRUFwR0WSIHKt11nJ7SAVlYNIu+QpqeyXP+gpQJy/Z4+F0aGxSE4MqwjyXvW/TzgkLAx2AGHwQ==",
      "dev": true
    }
  }
}
